
Microsoft Visual Studio Solution File, Format Version 12.00
# Visual Studio Version 16
VisualStudioVersion = 16.0.31129.286
MinimumVisualStudioVersion = 10.0.40219.1
Project("{FAE04EC0-301F-11D3-BF4B-00C04F79EFBC}") = "Notaciones_Infijas_Profijas_Prefijas", "Notaciones_Infijas_Profijas_Prefijas\Notaciones_Infijas_Profijas_Prefijas.csproj", "{86A981CB-94E7-4B36-A047-E2C99AF4FBD3}"
EndProject
Global
	GlobalSection(SolutionConfigurationPlatforms) = preSolution
		Debug|Any CPU = Debug|Any CPU
		Release|Any CPU = Release|Any CPU
	EndGlobalSection
	GlobalSection(ProjectConfigurationPlatforms) = postSolution
		{86A981CB-94E7-4B36-A047-E2C99AF4FBD3}.Debug|Any CPU.ActiveCfg = Debug|Any CPU
		{86A981CB-94E7-4B36-A047-E2C99AF4FBD3}.Debug|Any CPU.Build.0 = Debug|Any CPU
		{86A981CB-94E7-4B36-A047-E2C99AF4FBD3}.Release|Any CPU.ActiveCfg = Release|Any CPU
		{86A981CB-94E7-4B36-A047-E2C99AF4FBD3}.Release|Any CPU.Build.0 = Release|Any CPU
	EndGlobalSection
	GlobalSection(SolutionProperties) = preSolution
		HideSolutionNode = FALSE
	EndGlobalSection
	GlobalSection(ExtensibilityGlobals) = postSolution
		SolutionGuid = {78738EEA-27BF-42D0-992E-3361DFE36047}
	EndGlobalSection
EndGlobal
